
Microsoft Visual Studio Solution File, Format Version 12.00
# Visual Studio Version 17
VisualStudioVersion = 17.5.33502.453
MinimumVisualStudioVersion = 10.0.40219.1
Project("{FAE04EC0-301F-11D3-BF4B-00C04F79EFBC}") = "WDLaunch", "wdlaunch\WDLaunch.csproj", "{AE6CE8C4-3FD3-4863-B8FD-378AD103D1B7}"
	ProjectSection(ProjectDependencies) = postProject
		{B061AA69-3E56-4E7C-BD96-BCA652BE8000} = {B061AA69-3E56-4E7C-BD96-BCA652BE8000}
	EndProjectSection
EndProject
Project("{FAE04EC0-301F-11D3-BF4B-00C04F79EFBC}") = "WDHelper", "wdhelper\WDHelper.csproj", "{B061AA69-3E56-4E7C-BD96-BCA652BE8000}"
EndProject
Project("{2150E333-8FDC-42A3-9474-1A3956D46DE8}") = "NSIS", "NSIS", "{CC367D1F-8100-4BB2-8F9E-E3F3C4EF9342}"
	ProjectSection(SolutionItems) = preProject
		NSIS\wd.ico = NSIS\wd.ico
		NSIS\wd.nsi = NSIS\wd.nsi
		NSIS\wd_full.ico = NSIS\wd_full.ico
		NSIS\wd_full.nsi = NSIS\wd_full.nsi
		NSIS\wd_un.ico = NSIS\wd_un.ico
		NSIS\whiteday100.nop = NSIS\whiteday100.nop
	EndProjectSection
EndProject
Project("{2150E333-8FDC-42A3-9474-1A3956D46DE8}") = "data", "data", "{6F756F00-6626-47CF-850B-36474C402D3D}"
	ProjectSection(SolutionItems) = preProject
		NSIS\data\credits.htm = NSIS\data\credits.htm
		NSIS\data\d3d8.dll = NSIS\data\d3d8.dll
		NSIS\data\ddraw.dll = NSIS\data\ddraw.dll
		NSIS\data\dxwnd.dll = NSIS\data\dxwnd.dll
		NSIS\data\dxwnd.exe = NSIS\data\dxwnd.exe
		NSIS\data\dxwnd.exe.le.config = NSIS\data\dxwnd.exe.le.config
		NSIS\data\dxwnd.ini = NSIS\data\dxwnd.ini
		NSIS\data\ijl15.dll = NSIS\data\ijl15.dll
		NSIS\data\Launcher.dll = NSIS\data\Launcher.dll
		NSIS\data\LECommonLibrary.dll = NSIS\data\LECommonLibrary.dll
		NSIS\data\LEConfig.xml = NSIS\data\LEConfig.xml
		NSIS\data\LEProc.exe = NSIS\data\LEProc.exe
		NSIS\data\LoaderDll.dll = NSIS\data\LoaderDll.dll
		NSIS\data\LocaleEmulator.dll = NSIS\data\LocaleEmulator.dll
		NSIS\data\login.dll = NSIS\data\login.dll
		NSIS\data\mod_beanbag.dll = NSIS\data\mod_beanbag.dll
		NSIS\data\mod_beanbag098.nop = NSIS\data\mod_beanbag098.nop
		NSIS\data\mod_beanbag099.nop = NSIS\data\mod_beanbag099.nop
		NSIS\data\mod_beanbag100.nop = NSIS\data\mod_beanbag100.nop
		NSIS\data\mod_beanbag101.nop = NSIS\data\mod_beanbag101.nop
		NSIS\data\mod_beanbag102.nop = NSIS\data\mod_beanbag102.nop
		NSIS\data\Mss32.dll = NSIS\data\Mss32.dll
		NSIS\data\readme.htm = NSIS\data\readme.htm
		NSIS\data\readme.txt = NSIS\data\readme.txt
		NSIS\data\skinpreview.exe = NSIS\data\skinpreview.exe
		NSIS\data\skinpreview.exe.le.config = NSIS\data\skinpreview.exe.le.config
		NSIS\data\wangdx7.dll = NSIS\data\wangdx7.dll
		NSIS\data\wangreal.dll = NSIS\data\wangreal.dll
		NSIS\data\wdlaunch.exe = NSIS\data\wdlaunch.exe
		NSIS\data\wdlaunch.exe.config = NSIS\data\wdlaunch.exe.config
		NSIS\data\WhiteDay.dll = NSIS\data\WhiteDay.dll
		NSIS\data\whiteday.exe = NSIS\data\whiteday.exe
		NSIS\data\whiteday.exe.le.config = NSIS\data\whiteday.exe.le.config
		NSIS\data\whiteday101.nop = NSIS\data\whiteday101.nop
		NSIS\data\whiteday102.nop = NSIS\data\whiteday102.nop
		NSIS\data\whiteday103.nop = NSIS\data\whiteday103.nop
		NSIS\data\whiteday110.nop = NSIS\data\whiteday110.nop
		NSIS\data\whiteday111.nop = NSIS\data\whiteday111.nop
		NSIS\data\whiteday112.nop = NSIS\data\whiteday112.nop
		NSIS\data\whiteday113.nop = NSIS\data\whiteday113.nop
		NSIS\data\whiteday115.nop = NSIS\data\whiteday115.nop
		NSIS\data\whiteday119.nop = NSIS\data\whiteday119.nop
		NSIS\data\whiteday120.nop = NSIS\data\whiteday120.nop
		NSIS\data\whiteday121.nop = NSIS\data\whiteday121.nop
		NSIS\data\WhiteDay_p4.dll = NSIS\data\WhiteDay_p4.dll
		NSIS\data\wined3d.dll = NSIS\data\wined3d.dll
	EndProjectSection
EndProject
Project("{2150E333-8FDC-42A3-9474-1A3956D46DE8}") = "console", "console", "{990161A7-6F2C-43B1-AE8D-C624CB90895A}"
	ProjectSection(SolutionItems) = preProject
		NSIS\data\console\console.htm = NSIS\data\console\console.htm
		NSIS\data\console\keyboard.png = NSIS\data\console\keyboard.png
	EndProjectSection
EndProject
Project("{2150E333-8FDC-42A3-9474-1A3956D46DE8}") = "save", "save", "{10EB5861-8E49-449A-95FB-06D51A007947}"
EndProject
Project("{2150E333-8FDC-42A3-9474-1A3956D46DE8}") = "mss65", "mss65", "{C5D43988-6155-4B1D-933F-2BC0359CCBDC}"
	ProjectSection(SolutionItems) = preProject
		NSIS\data\mss65\mssa3d.m3d = NSIS\data\mss65\mssa3d.m3d
		NSIS\data\mss65\mssds3d.m3d = NSIS\data\mss65\mssds3d.m3d
		NSIS\data\mss65\mssdsp.flt = NSIS\data\mss65\mssdsp.flt
		NSIS\data\mss65\mssdx7.m3d = NSIS\data\mss65\mssdx7.m3d
		NSIS\data\mss65\msseax.m3d = NSIS\data\mss65\msseax.m3d
		NSIS\data\mss65\mssmp3.asi = NSIS\data\mss65\mssmp3.asi
		NSIS\data\mss65\mssrsx.m3d = NSIS\data\mss65\mssrsx.m3d
		NSIS\data\mss65\msssoft.m3d = NSIS\data\mss65\msssoft.m3d
		NSIS\data\mss65\mssvoice.asi = NSIS\data\mss65\mssvoice.asi
		NSIS\data\mss65\vssver.scc = NSIS\data\mss65\vssver.scc
	EndProjectSection
EndProject
Project("{2150E333-8FDC-42A3-9474-1A3956D46DE8}") = "Mss", "Mss", "{9D535F89-CE22-4B94-984B-01B7DA82EC76}"
	ProjectSection(SolutionItems) = preProject
		NSIS\data\Mss\Mp3dec.asi = NSIS\data\Mss\Mp3dec.asi
		NSIS\data\Mss\Mssa3d.m3d = NSIS\data\Mss\Mssa3d.m3d
		NSIS\data\Mss\Mssa3d2.m3d = NSIS\data\Mss\Mssa3d2.m3d
		NSIS\data\Mss\Mssds3dh.m3d = NSIS\data\Mss\Mssds3dh.m3d
		NSIS\data\Mss\Mssds3ds.m3d = NSIS\data\Mss\Mssds3ds.m3d
		NSIS\data\Mss\Mssdx7sh.m3d = NSIS\data\Mss\Mssdx7sh.m3d
		NSIS\data\Mss\Mssdx7sl.m3d = NSIS\data\Mss\Mssdx7sl.m3d
		NSIS\data\Mss\Mssdx7sn.m3d = NSIS\data\Mss\Mssdx7sn.m3d
		NSIS\data\Mss\Msseax.m3d = NSIS\data\Mss\Msseax.m3d
		NSIS\data\Mss\Msseax2.m3d = NSIS\data\Mss\Msseax2.m3d
		NSIS\data\Mss\Mssfast.m3d = NSIS\data\Mss\Mssfast.m3d
		NSIS\data\Mss\Mssrsx.m3d = NSIS\data\Mss\Mssrsx.m3d
		NSIS\data\Mss\Mssv12.asi = NSIS\data\Mss\Mssv12.asi
		NSIS\data\Mss\Mssv24.asi = NSIS\data\Mss\Mssv24.asi
		NSIS\data\Mss\Mssv29.asi = NSIS\data\Mss\Mssv29.asi
	EndProjectSection
EndProject
Project("{2150E333-8FDC-42A3-9474-1A3956D46DE8}") = "custom", "custom", "{3A458139-4F11-49A6-9419-91CA67F7CF1B}"
	ProjectSection(SolutionItems) = preProject
		NSIS\data\custom\Instructions.txt = NSIS\data\custom\Instructions.txt
		NSIS\data\custom\user_player.bmp = NSIS\data\custom\user_player.bmp
		NSIS\data\custom\user_suwee1.bmp = NSIS\data\custom\user_suwee1.bmp
		NSIS\data\custom\user_suwee2.bmp = NSIS\data\custom\user_suwee2.bmp
	EndProjectSection
EndProject
Project("{2150E333-8FDC-42A3-9474-1A3956D46DE8}") = "capture", "capture", "{D018F03F-2BE7-42DF-866E-AC798967CBA3}"
EndProject
Project("{2150E333-8FDC-42A3-9474-1A3956D46DE8}") = "guide", "guide", "{F75F6ECB-5AD4-4143-8BA9-DFAB513174D2}"
	ProjectSection(SolutionItems) = preProject
		NSIS\data\custom\guide\user_player_guide.bmp = NSIS\data\custom\guide\user_player_guide.bmp
		NSIS\data\custom\guide\user_player_wire.bmp = NSIS\data\custom\guide\user_player_wire.bmp
		NSIS\data\custom\guide\user_suwee1_guide.bmp = NSIS\data\custom\guide\user_suwee1_guide.bmp
		NSIS\data\custom\guide\user_suwee1_wire.bmp = NSIS\data\custom\guide\user_suwee1_wire.bmp
		NSIS\data\custom\guide\user_suwee2_guide.bmp = NSIS\data\custom\guide\user_suwee2_guide.bmp
		NSIS\data\custom\guide\user_suwee2_wire.bmp = NSIS\data\custom\guide\user_suwee2_wire.bmp
	EndProjectSection
EndProject
Project("{FAE04EC0-301F-11D3-BF4B-00C04F79EFBC}") = "BUILD_ALL", "build_all\BUILD_ALL.csproj", "{3B45C302-9D29-4E20-BE0E-A1DE6CC5E843}"
	ProjectSection(ProjectDependencies) = postProject
		{AE6CE8C4-3FD3-4863-B8FD-378AD103D1B7} = {AE6CE8C4-3FD3-4863-B8FD-378AD103D1B7}
		{B061AA69-3E56-4E7C-BD96-BCA652BE8000} = {B061AA69-3E56-4E7C-BD96-BCA652BE8000}
	EndProjectSection
EndProject
Project("{2150E333-8FDC-42A3-9474-1A3956D46DE8}") = "Solution Items", "Solution Items", "{79FD51E2-9BF7-4B54-863F-9011A0E8C2A3}"
	ProjectSection(SolutionItems) = preProject
		.gitattributes = .gitattributes
		.gitignore = .gitignore
		build_wdr.bat = build_wdr.bat
		README.md = README.md
	EndProjectSection
EndProject
Project("{2150E333-8FDC-42A3-9474-1A3956D46DE8}") = "licenses", "licenses", "{56B1AE55-6A84-4EA8-8470-524170B8945A}"
	ProjectSection(SolutionItems) = preProject
		licenses\Locale-Emulator.md = licenses\Locale-Emulator.md
		licenses\xdelta.md = licenses\xdelta.md
	EndProjectSection
EndProject
Project("{2150E333-8FDC-42A3-9474-1A3956D46DE8}") = "nop", "nop", "{CD564927-B9A6-43C9-BD57-FEC66A84B374}"
	ProjectSection(SolutionItems) = preProject
		nop\LECommonLibrary.dll = nop\LECommonLibrary.dll
		nop\LEConfig.xml = nop\LEConfig.xml
		nop\LEProc.exe = nop\LEProc.exe
		nop\LoaderDll.dll = nop\LoaderDll.dll
		nop\LocaleEmulator.dll = nop\LocaleEmulator.dll
		nop\noppack.exe = nop\noppack.exe
		nop\noppack.exe.le.config = nop\noppack.exe.le.config
	EndProjectSection
EndProject
Project("{2150E333-8FDC-42A3-9474-1A3956D46DE8}") = "whiteday119", "whiteday119", "{8DFF3AEA-0AB1-4D27-BB02-4B8B233FACF6}"
EndProject
Project("{2150E333-8FDC-42A3-9474-1A3956D46DE8}") = "whiteday120", "whiteday120", "{D4A1ACCD-6EAB-4E6B-9C52-ABAB694C39B4}"
EndProject
Project("{2150E333-8FDC-42A3-9474-1A3956D46DE8}") = "whiteday121", "whiteday121", "{11D8D382-1BE5-405F-8BB7-DEEFC7980A34}"
EndProject
Project("{2150E333-8FDC-42A3-9474-1A3956D46DE8}") = "data", "data", "{E6041294-C5F7-4DEF-9D99-BF6A31563C8F}"
EndProject
Project("{2150E333-8FDC-42A3-9474-1A3956D46DE8}") = "data", "data", "{D7B56C05-7CF0-4052-8BFC-C70EDD446D20}"
EndProject
Project("{2150E333-8FDC-42A3-9474-1A3956D46DE8}") = "ini", "ini", "{52C65C31-3FA7-4AB8-A48D-D8314AEC72B5}"
	ProjectSection(SolutionItems) = preProject
		nop\whiteday119\data\ini\langtable.wdb = nop\whiteday119\data\ini\langtable.wdb
	EndProjectSection
EndProject
Project("{2150E333-8FDC-42A3-9474-1A3956D46DE8}") = "data", "data", "{00D7C623-C73C-400F-BC01-99DEA5B97574}"
	ProjectSection(SolutionItems) = preProject
		nop\whiteday120\data\main1.wep = nop\whiteday120\data\main1.wep
		nop\whiteday120\data\new.wep = nop\whiteday120\data\new.wep
	EndProjectSection
EndProject
Project("{2150E333-8FDC-42A3-9474-1A3956D46DE8}") = "ini", "ini", "{5E68C59A-8D1B-4C63-A7F0-F24308CD8EEB}"
	ProjectSection(SolutionItems) = preProject
		nop\whiteday120\data\ini\advenkey.txt = nop\whiteday120\data\ini\advenkey.txt
		nop\whiteday120\data\ini\basickey.txt = nop\whiteday120\data\ini\basickey.txt
		nop\whiteday120\data\ini\item.wdb = nop\whiteday120\data\ini\item.wdb
	EndProjectSection
EndProject
Project("{2150E333-8FDC-42A3-9474-1A3956D46DE8}") = "macro", "macro", "{09C9D49D-B2E6-4613-B5CF-44FFEA720B9A}"
	ProjectSection(SolutionItems) = preProject
		nop\whiteday120\data\macro\gym_scenez.txt = nop\whiteday120\data\macro\gym_scenez.txt
		nop\whiteday120\data\macro\last_scenez.txt = nop\whiteday120\data\macro\last_scenez.txt
		nop\whiteday120\data\macro\main2_guard.txt = nop\whiteday120\data\macro\main2_guard.txt
		nop\whiteday120\data\macro\sc02.txt = nop\whiteday120\data\macro\sc02.txt
		nop\whiteday120\data\macro\sc03.txt = nop\whiteday120\data\macro\sc03.txt
		nop\whiteday120\data\macro\sc09.txt = nop\whiteday120\data\macro\sc09.txt
		nop\whiteday120\data\macro\sc10.txt = nop\whiteday120\data\macro\sc10.txt
		nop\whiteday120\data\macro\sc19.txt = nop\whiteday120\data\macro\sc19.txt
		nop\whiteday120\data\macro\sc34.txt = nop\whiteday120\data\macro\sc34.txt
		nop\whiteday120\data\macro\sc40.txt = nop\whiteday120\data\macro\sc40.txt
		nop\whiteday120\data\macro\sc45.txt = nop\whiteday120\data\macro\sc45.txt
		nop\whiteday120\data\macro\sc46.txt = nop\whiteday120\data\macro\sc46.txt
		nop\whiteday120\data\macro\sc50.txt = nop\whiteday120\data\macro\sc50.txt
		nop\whiteday120\data\macro\sc51.txt = nop\whiteday120\data\macro\sc51.txt
		nop\whiteday120\data\macro\sc53.txt = nop\whiteday120\data\macro\sc53.txt
		nop\whiteday120\data\macro\sc57.txt = nop\whiteday120\data\macro\sc57.txt
		nop\whiteday120\data\macro\sc99.txt = nop\whiteday120\data\macro\sc99.txt
	EndProjectSection
EndProject
Project("{2150E333-8FDC-42A3-9474-1A3956D46DE8}") = "misc", "misc", "{A7AC8925-735F-48D4-9135-54D3487F9381}"
EndProject
Project("{2150E333-8FDC-42A3-9474-1A3956D46DE8}") = "puppet", "puppet", "{6AF1E2FF-CE20-44D3-9C0D-4E1EACD2452E}"
EndProject
Project("{2150E333-8FDC-42A3-9474-1A3956D46DE8}") = "font", "font", "{0FA53440-7107-4921-A7F6-3EA866533B16}"
EndProject
Project("{2150E333-8FDC-42A3-9474-1A3956D46DE8}") = "image", "image", "{645A7D65-C800-4377-BF02-E3353A33DBD3}"
	ProjectSection(SolutionItems) = preProject
		nop\whiteday120\data\misc\image\tex_플래시통합.bmp = nop\whiteday120\data\misc\image\tex_플래시통합.bmp
	EndProjectSection
EndProject
Project("{2150E333-8FDC-42A3-9474-1A3956D46DE8}") = "item", "item", "{944B4497-7628-4251-B053-6AA29C216F69}"
	ProjectSection(SolutionItems) = preProject
		nop\whiteday120\data\puppet\item\{c-05.bmp = nop\whiteday120\data\puppet\item\{c-05.bmp
	EndProjectSection
EndProject
Project("{2150E333-8FDC-42A3-9474-1A3956D46DE8}") = "한자", "한자", "{9CAB4EC6-BF16-4E52-9B03-5A0D7FD38C39}"
	ProjectSection(SolutionItems) = preProject
		nop\whiteday120\data\misc\font\한자\tex_한자모음.bmp = nop\whiteday120\data\misc\font\한자\tex_한자모음.bmp
		nop\whiteday120\data\misc\font\한자\tex_한자모음.psd = nop\whiteday120\data\misc\font\한자\tex_한자모음.psd
		nop\whiteday120\data\misc\font\한자\tex_한자모음_s.bmp = nop\whiteday120\data\misc\font\한자\tex_한자모음_s.bmp
		nop\whiteday120\data\misc\font\한자\tex_한자모음대.bmp = nop\whiteday120\data\misc\font\한자\tex_한자모음대.bmp
		nop\whiteday120\data\misc\font\한자\tex_한자모음대.psd = nop\whiteday120\data\misc\font\한자\tex_한자모음대.psd
		nop\whiteday120\data\misc\font\한자\tex_한자모음대_s.bmp = nop\whiteday120\data\misc\font\한자\tex_한자모음대_s.bmp
		nop\whiteday120\data\misc\font\한자\한자모음.txt = nop\whiteday120\data\misc\font\한자\한자모음.txt
	EndProjectSection
EndProject
Project("{2150E333-8FDC-42A3-9474-1A3956D46DE8}") = "interface", "interface", "{D6832A61-C5AE-4733-8F7E-DF7B7BCE315E}"
EndProject
Project("{2150E333-8FDC-42A3-9474-1A3956D46DE8}") = "챕터제목", "챕터제목", "{77D2A5C4-7219-48F2-9A29-71DEF2392B98}"
	ProjectSection(SolutionItems) = preProject
		nop\whiteday120\data\misc\image\interface\챕터제목\chap_e_jh_n.bmp = nop\whiteday120\data\misc\image\interface\챕터제목\chap_e_jh_n.bmp
		nop\whiteday120\data\misc\image\interface\챕터제목\chap_g_new_a.bmp = nop\whiteday120\data\misc\image\interface\챕터제목\chap_g_new_a.bmp
	EndProjectSection
EndProject
Project("{2150E333-8FDC-42A3-9474-1A3956D46DE8}") = "script", "script", "{B180E2A7-925D-4DC5-A4B8-5F2EACA5D089}"
	ProjectSection(SolutionItems) = preProject
		nop\whiteday120\script\english_conv.scp = nop\whiteday120\script\english_conv.scp
		nop\whiteday120\script\e_시계이벤트.scp = nop\whiteday120\script\e_시계이벤트.scp
		nop\whiteday120\script\e_핸드폰메시지.scp = nop\whiteday120\script\e_핸드폰메시지.scp
		nop\whiteday120\script\item.scp = nop\whiteday120\script\item.scp
		nop\whiteday120\script\i_안군엄마.scp = nop\whiteday120\script\i_안군엄마.scp
		nop\whiteday120\script\i_애기엄마.scp = nop\whiteday120\script\i_애기엄마.scp
		nop\whiteday120\script\o_공상자.scp = nop\whiteday120\script\o_공상자.scp
		nop\whiteday120\script\o_교장실모니터.scp = nop\whiteday120\script\o_교장실모니터.scp
		nop\whiteday120\script\o_담배.scp = nop\whiteday120\script\o_담배.scp
		nop\whiteday120\script\o_어학실녹음기.scp = nop\whiteday120\script\o_어학실녹음기.scp
		nop\whiteday120\script\o_자판기.scp = nop\whiteday120\script\o_자판기.scp
		nop\whiteday120\script\_global.scp = nop\whiteday120\script\_global.scp
		nop\whiteday120\script\_gym.scp = nop\whiteday120\script\_gym.scp
		nop\whiteday120\script\_menu.scp = nop\whiteday120\script\_menu.scp
		nop\whiteday120\script\_whiteday.scp = nop\whiteday120\script\_whiteday.scp
		nop\whiteday120\script\오브젝트_괘종시계.scp = nop\whiteday120\script\오브젝트_괘종시계.scp
		nop\whiteday120\script\오브젝트_우_공상자.scp = nop\whiteday120\script\오브젝트_우_공상자.scp
		nop\whiteday120\script\오브젝트_유저.scp = nop\whiteday120\script\오브젝트_유저.scp
		nop\whiteday120\script\오브젝트_좌_공상자.scp = nop\whiteday120\script\오브젝트_좌_공상자.scp
		nop\whiteday120\script\오브젝트_학생부칠판.scp = nop\whiteday120\script\오브젝트_학생부칠판.scp
		nop\whiteday120\script\지도.scp = nop\whiteday120\script\지도.scp
	EndProjectSection
EndProject
Project("{2150E333-8FDC-42A3-9474-1A3956D46DE8}") = "map", "map", "{5A262A41-9F74-4F96-9735-08A4D2356F79}"
EndProject
Project("{2150E333-8FDC-42A3-9474-1A3956D46DE8}") = "misc", "misc", "{2E5A1894-1149-4F16-9C45-9D7FC4BF305C}"
EndProject
Project("{2150E333-8FDC-42A3-9474-1A3956D46DE8}") = "puppet", "puppet", "{6B2C1FF4-E5BE-4526-85F9-C5895139DD14}"
EndProject
Project("{2150E333-8FDC-42A3-9474-1A3956D46DE8}") = "texture", "texture", "{2CF0518A-7526-4E12-BF2A-1743625D637B}"
	ProjectSection(SolutionItems) = preProject
		nop\whiteday121\data\map\texture\tissue_0.bmp = nop\whiteday121\data\map\texture\tissue_0.bmp
		nop\whiteday121\data\map\texture\tissue_1.bmp = nop\whiteday121\data\map\texture\tissue_1.bmp
		nop\whiteday121\data\map\texture\{oth_05.bmp = nop\whiteday121\data\map\texture\{oth_05.bmp
	EndProjectSection
EndProject
Project("{2150E333-8FDC-42A3-9474-1A3956D46DE8}") = "image", "image", "{488A7887-3C83-4FD3-ABA9-B9E8CB6165B5}"
	ProjectSection(SolutionItems) = preProject
		nop\whiteday121\data\misc\image\로딩시도움말_en.jpg = nop\whiteday121\data\misc\image\로딩시도움말_en.jpg
	EndProjectSection
EndProject
Project("{2150E333-8FDC-42A3-9474-1A3956D46DE8}") = "demo", "demo", "{B80A630E-9800-4745-8971-C4A8F42F5BAC}"
	ProjectSection(SolutionItems) = preProject
		nop\whiteday121\data\misc\image\demo\open_a1.bmp = nop\whiteday121\data\misc\image\demo\open_a1.bmp
		nop\whiteday121\data\misc\image\demo\open_a2.bmp = nop\whiteday121\data\misc\image\demo\open_a2.bmp
		nop\whiteday121\data\misc\image\demo\open_a3.bmp = nop\whiteday121\data\misc\image\demo\open_a3.bmp
		nop\whiteday121\data\misc\image\demo\open_b1.bmp = nop\whiteday121\data\misc\image\demo\open_b1.bmp
		nop\whiteday121\data\misc\image\demo\open_b2.bmp = nop\whiteday121\data\misc\image\demo\open_b2.bmp
		nop\whiteday121\data\misc\image\demo\open_staff1.bmp = nop\whiteday121\data\misc\image\demo\open_staff1.bmp
		nop\whiteday121\data\misc\image\demo\open_staff2.bmp = nop\whiteday121\data\misc\image\demo\open_staff2.bmp
		nop\whiteday121\data\misc\image\demo\open_staff3.bmp = nop\whiteday121\data\misc\image\demo\open_staff3.bmp
		nop\whiteday121\data\misc\image\demo\open_staff4.bmp = nop\whiteday121\data\misc\image\demo\open_staff4.bmp
		nop\whiteday121\data\misc\image\demo\open_staff5.bmp = nop\whiteday121\data\misc\image\demo\open_staff5.bmp
		nop\whiteday121\data\misc\image\demo\open_staff6.bmp = nop\whiteday121\data\misc\image\demo\open_staff6.bmp
	EndProjectSection
EndProject
Project("{2150E333-8FDC-42A3-9474-1A3956D46DE8}") = "interface", "interface", "{656ED944-8F9F-4017-B75A-07CFCF1B3E3A}"
	ProjectSection(SolutionItems) = preProject
		nop\whiteday121\data\misc\image\interface\다이어리.bmp = nop\whiteday121\data\misc\image\interface\다이어리.bmp
		nop\whiteday121\data\misc\image\interface\다이어리_s.bmp = nop\whiteday121\data\misc\image\interface\다이어리_s.bmp
		nop\whiteday121\data\misc\image\interface\아이템창1.bmp = nop\whiteday121\data\misc\image\interface\아이템창1.bmp
		nop\whiteday121\data\misc\image\interface\아이템창1_s.bmp = nop\whiteday121\data\misc\image\interface\아이템창1_s.bmp
	EndProjectSection
EndProject
Project("{2150E333-8FDC-42A3-9474-1A3956D46DE8}") = "title", "title", "{2ADF5FD0-EA9E-42EE-80D9-74DDD8706140}"
	ProjectSection(SolutionItems) = preProject
		nop\whiteday121\data\misc\image\title\laby.jpg = nop\whiteday121\data\misc\image\title\laby.jpg
		nop\whiteday121\data\misc\image\title\로딩_성아.jpg = nop\whiteday121\data\misc\image\title\로딩_성아.jpg
		nop\whiteday121\data\misc\image\title\안내문_v챔프.jpg = nop\whiteday121\data\misc\image\title\안내문_v챔프.jpg
		nop\whiteday121\data\misc\image\title\안내문_데모버전.jpg = nop\whiteday121\data\misc\image\title\안내문_데모버전.jpg
		nop\whiteday121\data\misc\image\title\안내문_베타버전.jpg = nop\whiteday121\data\misc\image\title\안내문_베타버전.jpg
	EndProjectSection
EndProject
Project("{2150E333-8FDC-42A3-9474-1A3956D46DE8}") = "menu", "menu", "{E6EBED70-DD2A-479F-B57D-DF2C26EE0280}"
	ProjectSection(SolutionItems) = preProject
		nop\whiteday121\data\misc\image\interface\menu\menu_bt.bmp = nop\whiteday121\data\misc\image\interface\menu\menu_bt.bmp
		nop\whiteday121\data\misc\image\interface\menu\menu_bt_s.bmp = nop\whiteday121\data\misc\image\interface\menu\menu_bt_s.bmp
	EndProjectSection
EndProject
Project("{2150E333-8FDC-42A3-9474-1A3956D46DE8}") = "event", "event", "{3EC0DC41-589E-4762-9EAA-E1F9CEF08BFC}"
	ProjectSection(SolutionItems) = preProject
		nop\whiteday121\data\puppet\event\firebell-head.jpg = nop\whiteday121\data\puppet\event\firebell-head.jpg
		nop\whiteday121\data\puppet\event\switchbox-f.jpg = nop\whiteday121\data\puppet\event\switchbox-f.jpg
		nop\whiteday121\data\puppet\event\switchbox-i.jpg = nop\whiteday121\data\puppet\event\switchbox-i.jpg
	EndProjectSection
EndProject
Project("{2150E333-8FDC-42A3-9474-1A3956D46DE8}") = "item", "item", "{9A8DAC47-5C42-48FE-9F8E-14470FD51666}"
	ProjectSection(SolutionItems) = preProject
		nop\whiteday121\data\puppet\item\c-key03.jpg = nop\whiteday121\data\puppet\item\c-key03.jpg
		nop\whiteday121\data\puppet\item\c-key04.jpg = nop\whiteday121\data\puppet\item\c-key04.jpg
		nop\whiteday121\data\puppet\item\c-key10.jpg = nop\whiteday121\data\puppet\item\c-key10.jpg
		nop\whiteday121\data\puppet\item\c-key11.jpg = nop\whiteday121\data\puppet\item\c-key11.jpg
		nop\whiteday121\data\puppet\item\food-03.jpg = nop\whiteday121\data\puppet\item\food-03.jpg
		nop\whiteday121\data\puppet\item\food-04.jpg = nop\whiteday121\data\puppet\item\food-04.jpg
		nop\whiteday121\data\puppet\item\key-lab.jpg = nop\whiteday121\data\puppet\item\key-lab.jpg
		nop\whiteday121\data\puppet\item\key-m1master-g.jpg = nop\whiteday121\data\puppet\item\key-m1master-g.jpg
		nop\whiteday121\data\puppet\item\key-ring.jpg = nop\whiteday121\data\puppet\item\key-ring.jpg
		nop\whiteday121\data\puppet\item\locket.jpg = nop\whiteday121\data\puppet\item\locket.jpg
		nop\whiteday121\data\puppet\item\match02.jpg = nop\whiteday121\data\puppet\item\match02.jpg
		nop\whiteday121\data\puppet\item\soy.jpg = nop\whiteday121\data\puppet\item\soy.jpg
		nop\whiteday121\data\puppet\item\su-kit.jpg = nop\whiteday121\data\puppet\item\su-kit.jpg
		nop\whiteday121\data\puppet\item\{paper_coat.bmp = nop\whiteday121\data\puppet\item\{paper_coat.bmp
	EndProjectSection
EndProject
Project("{2150E333-8FDC-42A3-9474-1A3956D46DE8}") = "obj", "obj", "{0BFC46C6-655D-4D2F-B168-4FCBE9EDE74F}"
	ProjectSection(SolutionItems) = preProject
		nop\whiteday121\data\puppet\obj\black_10.jpg = nop\whiteday121\data\puppet\obj\black_10.jpg
		nop\whiteday121\data\puppet\obj\c-01.jpg = nop\whiteday121\data\puppet\obj\c-01.jpg
		nop\whiteday121\data\puppet\obj\c-02.jpg = nop\whiteday121\data\puppet\obj\c-02.jpg
		nop\whiteday121\data\puppet\obj\c-bea01.jpg = nop\whiteday121\data\puppet\obj\c-bea01.jpg
		nop\whiteday121\data\puppet\obj\c-bea03.jpg = nop\whiteday121\data\puppet\obj\c-bea03.jpg
		nop\whiteday121\data\puppet\obj\c-pan03.jpg = nop\whiteday121\data\puppet\obj\c-pan03.jpg
		nop\whiteday121\data\puppet\obj\c-school16.jpg = nop\whiteday121\data\puppet\obj\c-school16.jpg
		nop\whiteday121\data\puppet\obj\dam.jpg = nop\whiteday121\data\puppet\obj\dam.jpg
		nop\whiteday121\data\puppet\obj\fire-glass.jpg = nop\whiteday121\data\puppet\obj\fire-glass.jpg
		nop\whiteday121\data\puppet\obj\fire_02.jpg = nop\whiteday121\data\puppet\obj\fire_02.jpg
		nop\whiteday121\data\puppet\obj\gesi_02.jpg = nop\whiteday121\data\puppet\obj\gesi_02.jpg
		nop\whiteday121\data\puppet\obj\ham_01.jpg = nop\whiteday121\data\puppet\obj\ham_01.jpg
		nop\whiteday121\data\puppet\obj\japan-00.jpg = nop\whiteday121\data\puppet\obj\japan-00.jpg
		nop\whiteday121\data\puppet\obj\japan-01.jpg = nop\whiteday121\data\puppet\obj\japan-01.jpg
		nop\whiteday121\data\puppet\obj\japan-04.jpg = nop\whiteday121\data\puppet\obj\japan-04.jpg
		nop\whiteday121\data\puppet\obj\japan-05.jpg = nop\whiteday121\data\puppet\obj\japan-05.jpg
		nop\whiteday121\data\puppet\obj\japan-06.jpg = nop\whiteday121\data\puppet\obj\japan-06.jpg
		nop\whiteday121\data\puppet\obj\japan-07.jpg = nop\whiteday121\data\puppet\obj\japan-07.jpg
		nop\whiteday121\data\puppet\obj\japan-09.jpg = nop\whiteday121\data\puppet\obj\japan-09.jpg
		nop\whiteday121\data\puppet\obj\japan-10.jpg = nop\whiteday121\data\puppet\obj\japan-10.jpg
		nop\whiteday121\data\puppet\obj\modum.jpg = nop\whiteday121\data\puppet\obj\modum.jpg
		nop\whiteday121\data\puppet\obj\oth_01.jpg = nop\whiteday121\data\puppet\obj\oth_01.jpg
		nop\whiteday121\data\puppet\obj\sigan01.jpg = nop\whiteday121\data\puppet\obj\sigan01.jpg
		nop\whiteday121\data\puppet\obj\sigan03.jpg = nop\whiteday121\data\puppet\obj\sigan03.jpg
		nop\whiteday121\data\puppet\obj\sigan05.jpg = nop\whiteday121\data\puppet\obj\sigan05.jpg
		nop\whiteday121\data\puppet\obj\sigan06.jpg = nop\whiteday121\data\puppet\obj\sigan06.jpg
		nop\whiteday121\data\puppet\obj\sw.jpg = nop\whiteday121\data\puppet\obj\sw.jpg
		nop\whiteday121\data\puppet\obj\toilet-motto.jpg = nop\whiteday121\data\puppet\obj\toilet-motto.jpg
		nop\whiteday121\data\puppet\obj\toilet-motto2.jpg = nop\whiteday121\data\puppet\obj\toilet-motto2.jpg
		nop\whiteday121\data\puppet\obj\un-call01.jpg = nop\whiteday121\data\puppet\obj\un-call01.jpg
		nop\whiteday121\data\puppet\obj\un-call02.jpg = nop\whiteday121\data\puppet\obj\un-call02.jpg
		nop\whiteday121\data\puppet\obj\vending-tissue.jpg = nop\whiteday121\data\puppet\obj\vending-tissue.jpg
		nop\whiteday121\data\puppet\obj\writen-blackboard.jpg = nop\whiteday121\data\puppet\obj\writen-blackboard.jpg
		nop\whiteday121\data\puppet\obj\{wh2.bmp = nop\whiteday121\data\puppet\obj\{wh2.bmp
		nop\whiteday121\data\puppet\obj\{wh3.bmp = nop\whiteday121\data\puppet\obj\{wh3.bmp
	EndProjectSection
EndProject
Project("{2150E333-8FDC-42A3-9474-1A3956D46DE8}") = "gym", "gym", "{84913918-9D4D-444C-80B9-48D3EE8BEA2E}"
	ProjectSection(SolutionItems) = preProject
		nop\whiteday121\data\puppet\obj\gym\c-gym07.jpg = nop\whiteday121\data\puppet\obj\gym\c-gym07.jpg
		nop\whiteday121\data\puppet\obj\gym\firec-bea01.jpg = nop\whiteday121\data\puppet\obj\gym\firec-bea01.jpg
		nop\whiteday121\data\puppet\obj\gym\n_st-sign.jpg = nop\whiteday121\data\puppet\obj\gym\n_st-sign.jpg
		nop\whiteday121\data\puppet\obj\gym\n_st-sign1.jpg = nop\whiteday121\data\puppet\obj\gym\n_st-sign1.jpg
	EndProjectSection
EndProject
Project("{2150E333-8FDC-42A3-9474-1A3956D46DE8}") = "new", "new", "{F28CBF99-1D9A-4C7E-A108-D361BD22A6F0}"
	ProjectSection(SolutionItems) = preProject
		nop\whiteday121\data\puppet\obj\new\c-b1-1-06.jpg = nop\whiteday121\data\puppet\obj\new\c-b1-1-06.jpg
		nop\whiteday121\data\puppet\obj\new\c-b1-1-10.jpg = nop\whiteday121\data\puppet\obj\new\c-b1-1-10.jpg
		nop\whiteday121\data\puppet\obj\new\c-b1-1-11.jpg = nop\whiteday121\data\puppet\obj\new\c-b1-1-11.jpg
		nop\whiteday121\data\puppet\obj\new\c-b1-1-12.jpg = nop\whiteday121\data\puppet\obj\new\c-b1-1-12.jpg
		nop\whiteday121\data\puppet\obj\new\c-b1-1-17.jpg = nop\whiteday121\data\puppet\obj\new\c-b1-1-17.jpg
		nop\whiteday121\data\puppet\obj\new\c-b1-1-19.jpg = nop\whiteday121\data\puppet\obj\new\c-b1-1-19.jpg
		nop\whiteday121\data\puppet\obj\new\c-information01.jpg = nop\whiteday121\data\puppet\obj\new\c-information01.jpg
		nop\whiteday121\data\puppet\obj\new\c-information02.jpg = nop\whiteday121\data\puppet\obj\new\c-information02.jpg
		nop\whiteday121\data\puppet\obj\new\dan01.jpg = nop\whiteday121\data\puppet\obj\new\dan01.jpg
		nop\whiteday121\data\puppet\obj\new\null00.jpg = nop\whiteday121\data\puppet\obj\new\null00.jpg
		nop\whiteday121\data\puppet\obj\new\n_bio01.jpg = nop\whiteday121\data\puppet\obj\new\n_bio01.jpg
	EndProjectSection
EndProject
Project("{2150E333-8FDC-42A3-9474-1A3956D46DE8}") = "mod_beanbag101", "mod_beanbag101", "{180FB3D3-FEEB-4B53-B515-B4C5917385B1}"
EndProject
Project("{2150E333-8FDC-42A3-9474-1A3956D46DE8}") = "mod_beanbag102", "mod_beanbag102", "{6E5A98EE-2AB5-4F41-AF8E-4557D7C01C36}"
EndProject
Project("{2150E333-8FDC-42A3-9474-1A3956D46DE8}") = "data", "data", "{2B014949-A5D4-4B32-8D43-FA1656B3E275}"
EndProject
Project("{2150E333-8FDC-42A3-9474-1A3956D46DE8}") = "multi", "multi", "{3C43D228-3F12-47E4-87EE-F6900990473F}"
EndProject
Project("{2150E333-8FDC-42A3-9474-1A3956D46DE8}") = "ini", "ini", "{361326DA-298E-4985-A0FA-DD813FEECE49}"
	ProjectSection(SolutionItems) = preProject
		nop\mod_beanbag101\data\multi\ini\netorlanpagerc.ini = nop\mod_beanbag101\data\multi\ini\netorlanpagerc.ini
		nop\mod_beanbag101\data\multi\ini\netorlanpagetxt.ini = nop\mod_beanbag101\data\multi\ini\netorlanpagetxt.ini
	EndProjectSection
EndProject
Project("{2150E333-8FDC-42A3-9474-1A3956D46DE8}") = "data", "data", "{54DA781B-3A9B-4D76-B100-DE8AEEC079FB}"
EndProject
Project("{2150E333-8FDC-42A3-9474-1A3956D46DE8}") = "multi", "multi", "{7E8252E9-E84D-4864-8A3E-178983FA38A9}"
EndProject
Project("{2150E333-8FDC-42A3-9474-1A3956D46DE8}") = "ini", "ini", "{C5EDD70D-9AE3-4B2E-94FA-8A8898D34220}"
	ProjectSection(SolutionItems) = preProject
		nop\mod_beanbag102\data\multi\ini\brightpagetxt.ini = nop\mod_beanbag102\data\multi\ini\brightpagetxt.ini
		nop\mod_beanbag102\data\multi\ini\createpagetxt.ini = nop\mod_beanbag102\data\multi\ini\createpagetxt.ini
		nop\mod_beanbag102\data\multi\ini\defaultkey.txt = nop\mod_beanbag102\data\multi\ini\defaultkey.txt
		nop\mod_beanbag102\data\multi\ini\gamemenurc.ini = nop\mod_beanbag102\data\multi\ini\gamemenurc.ini
		nop\mod_beanbag102\data\multi\ini\keycontrolpagetxt.ini = nop\mod_beanbag102\data\multi\ini\keycontrolpagetxt.ini
		nop\mod_beanbag102\data\multi\ini\netorlanpagetxt.ini = nop\mod_beanbag102\data\multi\ini\netorlanpagetxt.ini
		nop\mod_beanbag102\data\multi\ini\selectpagetxt.ini = nop\mod_beanbag102\data\multi\ini\selectpagetxt.ini
		nop\mod_beanbag102\data\multi\ini\selectpagetxt2.ini = nop\mod_beanbag102\data\multi\ini\selectpagetxt2.ini
		nop\mod_beanbag102\data\multi\ini\settingpagetxt.ini = nop\mod_beanbag102\data\multi\ini\settingpagetxt.ini
		nop\mod_beanbag102\data\multi\ini\startpagetxt.ini = nop\mod_beanbag102\data\multi\ini\startpagetxt.ini
		nop\mod_beanbag102\data\multi\ini\userconfigpagetxt.ini = nop\mod_beanbag102\data\multi\ini\userconfigpagetxt.ini
		nop\mod_beanbag102\data\multi\ini\warningpagetxt.ini = nop\mod_beanbag102\data\multi\ini\warningpagetxt.ini
	EndProjectSection
EndProject
Project("{2150E333-8FDC-42A3-9474-1A3956D46DE8}") = "misc", "misc", "{C29B1E0D-EE2F-4480-A413-E2225DED3CA0}"
EndProject
Project("{2150E333-8FDC-42A3-9474-1A3956D46DE8}") = "puppet", "puppet", "{CE94A6C8-E866-41D4-BE82-99DD51F687FA}"
EndProject
Project("{2150E333-8FDC-42A3-9474-1A3956D46DE8}") = "obj", "obj", "{CEC6AECD-B382-49DD-9132-EF7E6D4B2FD7}"
	ProjectSection(SolutionItems) = preProject
		nop\mod_beanbag102\data\multi\puppet\obj\kong-17.jpg = nop\mod_beanbag102\data\multi\puppet\obj\kong-17.jpg
	EndProjectSection
EndProject
Project("{2150E333-8FDC-42A3-9474-1A3956D46DE8}") = "image", "image", "{FE300F0B-57B9-4E61-9DE7-A8C9EC97394B}"
	ProjectSection(SolutionItems) = preProject
		nop\mod_beanbag102\data\multi\misc\image\멀티메뉴이미지.bmp = nop\mod_beanbag102\data\multi\misc\image\멀티메뉴이미지.bmp
	EndProjectSection
EndProject
Project("{2150E333-8FDC-42A3-9474-1A3956D46DE8}") = "charicon", "charicon", "{02503D35-046F-414D-91C5-248728771080}"
	ProjectSection(SolutionItems) = preProject
		nop\mod_beanbag102\data\multi\misc\image\charicon\{na.bmp = nop\mod_beanbag102\data\multi\misc\image\charicon\{na.bmp
	EndProjectSection
EndProject
Project("{2150E333-8FDC-42A3-9474-1A3956D46DE8}") = "순위ui", "순위ui", "{CA5816D4-6F0B-4075-A1F7-81F70A49FB5B}"
	ProjectSection(SolutionItems) = preProject
		nop\mod_beanbag102\data\multi\misc\image\순위ui\{순위상승.bmp = nop\mod_beanbag102\data\multi\misc\image\순위ui\{순위상승.bmp
		nop\mod_beanbag102\data\multi\misc\image\순위ui\{순위하강.bmp = nop\mod_beanbag102\data\multi\misc\image\순위ui\{순위하강.bmp
	EndProjectSection
EndProject
Project("{2150E333-8FDC-42A3-9474-1A3956D46DE8}") = "interface", "interface", "{F525F584-2063-4389-9187-D1E0DB9CD190}"
	ProjectSection(SolutionItems) = preProject
		nop\mod_beanbag102\data\multi\misc\image\interface\menu_bt.bmp = nop\mod_beanbag102\data\multi\misc\image\interface\menu_bt.bmp
		nop\mod_beanbag102\data\multi\misc\image\interface\menu_bt_s.bmp = nop\mod_beanbag102\data\multi\misc\image\interface\menu_bt_s.bmp
		nop\mod_beanbag102\data\multi\misc\image\interface\[연타쪼가리.bmp = nop\mod_beanbag102\data\multi\misc\image\interface\[연타쪼가리.bmp
		nop\mod_beanbag102\data\multi\misc\image\interface\[연타쪼가리_mask.bmp = nop\mod_beanbag102\data\multi\misc\image\interface\[연타쪼가리_mask.bmp
		nop\mod_beanbag102\data\multi\misc\image\interface\{combo.bmp = nop\mod_beanbag102\data\multi\misc\image\interface\{combo.bmp
		nop\mod_beanbag102\data\multi\misc\image\interface\{highjump.bmp = nop\mod_beanbag102\data\multi\misc\image\interface\{highjump.bmp
		nop\mod_beanbag102\data\multi\misc\image\interface\{say.bmp = nop\mod_beanbag102\data\multi\misc\image\interface\{say.bmp
		nop\mod_beanbag102\data\multi\misc\image\interface\{target.bmp = nop\mod_beanbag102\data\multi\misc\image\interface\{target.bmp
		nop\mod_beanbag102\data\multi\misc\image\interface\{게임메뉴.bmp = nop\mod_beanbag102\data\multi\misc\image\interface\{게임메뉴.bmp
		nop\mod_beanbag102\data\multi\misc\image\interface\{오재미게임ui.bmp = nop\mod_beanbag102\data\multi\misc\image\interface\{오재미게임ui.bmp
		nop\mod_beanbag102\data\multi\misc\image\interface\{칠판.bmp = nop\mod_beanbag102\data\multi\misc\image\interface\{칠판.bmp
	EndProjectSection
EndProject
Global
	GlobalSection(SolutionConfigurationPlatforms) = preSolution
		Debug|Any CPU = Debug|Any CPU
		Release|Any CPU = Release|Any CPU
	EndGlobalSection
	GlobalSection(ProjectConfigurationPlatforms) = postSolution
		{AE6CE8C4-3FD3-4863-B8FD-378AD103D1B7}.Debug|Any CPU.ActiveCfg = Debug|Any CPU
		{AE6CE8C4-3FD3-4863-B8FD-378AD103D1B7}.Debug|Any CPU.Build.0 = Debug|Any CPU
		{AE6CE8C4-3FD3-4863-B8FD-378AD103D1B7}.Release|Any CPU.ActiveCfg = Release|Any CPU
		{AE6CE8C4-3FD3-4863-B8FD-378AD103D1B7}.Release|Any CPU.Build.0 = Release|Any CPU
		{B061AA69-3E56-4E7C-BD96-BCA652BE8000}.Debug|Any CPU.ActiveCfg = Debug|Any CPU
		{B061AA69-3E56-4E7C-BD96-BCA652BE8000}.Debug|Any CPU.Build.0 = Debug|Any CPU
		{B061AA69-3E56-4E7C-BD96-BCA652BE8000}.Release|Any CPU.ActiveCfg = Release|Any CPU
		{B061AA69-3E56-4E7C-BD96-BCA652BE8000}.Release|Any CPU.Build.0 = Release|Any CPU
		{3B45C302-9D29-4E20-BE0E-A1DE6CC5E843}.Debug|Any CPU.ActiveCfg = Debug|Any CPU
		{3B45C302-9D29-4E20-BE0E-A1DE6CC5E843}.Debug|Any CPU.Build.0 = Debug|Any CPU
		{3B45C302-9D29-4E20-BE0E-A1DE6CC5E843}.Release|Any CPU.ActiveCfg = Release|Any CPU
		{3B45C302-9D29-4E20-BE0E-A1DE6CC5E843}.Release|Any CPU.Build.0 = Release|Any CPU
	EndGlobalSection
	GlobalSection(SolutionProperties) = preSolution
		HideSolutionNode = FALSE
	EndGlobalSection
	GlobalSection(NestedProjects) = preSolution
		{6F756F00-6626-47CF-850B-36474C402D3D} = {CC367D1F-8100-4BB2-8F9E-E3F3C4EF9342}
		{990161A7-6F2C-43B1-AE8D-C624CB90895A} = {6F756F00-6626-47CF-850B-36474C402D3D}
		{10EB5861-8E49-449A-95FB-06D51A007947} = {6F756F00-6626-47CF-850B-36474C402D3D}
		{C5D43988-6155-4B1D-933F-2BC0359CCBDC} = {6F756F00-6626-47CF-850B-36474C402D3D}
		{9D535F89-CE22-4B94-984B-01B7DA82EC76} = {6F756F00-6626-47CF-850B-36474C402D3D}
		{3A458139-4F11-49A6-9419-91CA67F7CF1B} = {6F756F00-6626-47CF-850B-36474C402D3D}
		{D018F03F-2BE7-42DF-866E-AC798967CBA3} = {6F756F00-6626-47CF-850B-36474C402D3D}
		{F75F6ECB-5AD4-4143-8BA9-DFAB513174D2} = {3A458139-4F11-49A6-9419-91CA67F7CF1B}
		{8DFF3AEA-0AB1-4D27-BB02-4B8B233FACF6} = {CD564927-B9A6-43C9-BD57-FEC66A84B374}
		{D4A1ACCD-6EAB-4E6B-9C52-ABAB694C39B4} = {CD564927-B9A6-43C9-BD57-FEC66A84B374}
		{11D8D382-1BE5-405F-8BB7-DEEFC7980A34} = {CD564927-B9A6-43C9-BD57-FEC66A84B374}
		{E6041294-C5F7-4DEF-9D99-BF6A31563C8F} = {11D8D382-1BE5-405F-8BB7-DEEFC7980A34}
		{D7B56C05-7CF0-4052-8BFC-C70EDD446D20} = {8DFF3AEA-0AB1-4D27-BB02-4B8B233FACF6}
		{52C65C31-3FA7-4AB8-A48D-D8314AEC72B5} = {D7B56C05-7CF0-4052-8BFC-C70EDD446D20}
		{00D7C623-C73C-400F-BC01-99DEA5B97574} = {D4A1ACCD-6EAB-4E6B-9C52-ABAB694C39B4}
		{5E68C59A-8D1B-4C63-A7F0-F24308CD8EEB} = {00D7C623-C73C-400F-BC01-99DEA5B97574}
		{09C9D49D-B2E6-4613-B5CF-44FFEA720B9A} = {00D7C623-C73C-400F-BC01-99DEA5B97574}
		{A7AC8925-735F-48D4-9135-54D3487F9381} = {00D7C623-C73C-400F-BC01-99DEA5B97574}
		{6AF1E2FF-CE20-44D3-9C0D-4E1EACD2452E} = {00D7C623-C73C-400F-BC01-99DEA5B97574}
		{0FA53440-7107-4921-A7F6-3EA866533B16} = {A7AC8925-735F-48D4-9135-54D3487F9381}
		{645A7D65-C800-4377-BF02-E3353A33DBD3} = {A7AC8925-735F-48D4-9135-54D3487F9381}
		{944B4497-7628-4251-B053-6AA29C216F69} = {6AF1E2FF-CE20-44D3-9C0D-4E1EACD2452E}
		{9CAB4EC6-BF16-4E52-9B03-5A0D7FD38C39} = {0FA53440-7107-4921-A7F6-3EA866533B16}
		{D6832A61-C5AE-4733-8F7E-DF7B7BCE315E} = {645A7D65-C800-4377-BF02-E3353A33DBD3}
		{77D2A5C4-7219-48F2-9A29-71DEF2392B98} = {D6832A61-C5AE-4733-8F7E-DF7B7BCE315E}
		{B180E2A7-925D-4DC5-A4B8-5F2EACA5D089} = {D4A1ACCD-6EAB-4E6B-9C52-ABAB694C39B4}
		{5A262A41-9F74-4F96-9735-08A4D2356F79} = {E6041294-C5F7-4DEF-9D99-BF6A31563C8F}
		{2E5A1894-1149-4F16-9C45-9D7FC4BF305C} = {E6041294-C5F7-4DEF-9D99-BF6A31563C8F}
		{6B2C1FF4-E5BE-4526-85F9-C5895139DD14} = {E6041294-C5F7-4DEF-9D99-BF6A31563C8F}
		{2CF0518A-7526-4E12-BF2A-1743625D637B} = {5A262A41-9F74-4F96-9735-08A4D2356F79}
		{488A7887-3C83-4FD3-ABA9-B9E8CB6165B5} = {2E5A1894-1149-4F16-9C45-9D7FC4BF305C}
		{B80A630E-9800-4745-8971-C4A8F42F5BAC} = {488A7887-3C83-4FD3-ABA9-B9E8CB6165B5}
		{656ED944-8F9F-4017-B75A-07CFCF1B3E3A} = {488A7887-3C83-4FD3-ABA9-B9E8CB6165B5}
		{2ADF5FD0-EA9E-42EE-80D9-74DDD8706140} = {488A7887-3C83-4FD3-ABA9-B9E8CB6165B5}
		{E6EBED70-DD2A-479F-B57D-DF2C26EE0280} = {656ED944-8F9F-4017-B75A-07CFCF1B3E3A}
		{3EC0DC41-589E-4762-9EAA-E1F9CEF08BFC} = {6B2C1FF4-E5BE-4526-85F9-C5895139DD14}
		{9A8DAC47-5C42-48FE-9F8E-14470FD51666} = {6B2C1FF4-E5BE-4526-85F9-C5895139DD14}
		{0BFC46C6-655D-4D2F-B168-4FCBE9EDE74F} = {6B2C1FF4-E5BE-4526-85F9-C5895139DD14}
		{84913918-9D4D-444C-80B9-48D3EE8BEA2E} = {0BFC46C6-655D-4D2F-B168-4FCBE9EDE74F}
		{F28CBF99-1D9A-4C7E-A108-D361BD22A6F0} = {0BFC46C6-655D-4D2F-B168-4FCBE9EDE74F}
		{180FB3D3-FEEB-4B53-B515-B4C5917385B1} = {CD564927-B9A6-43C9-BD57-FEC66A84B374}
		{6E5A98EE-2AB5-4F41-AF8E-4557D7C01C36} = {CD564927-B9A6-43C9-BD57-FEC66A84B374}
		{2B014949-A5D4-4B32-8D43-FA1656B3E275} = {180FB3D3-FEEB-4B53-B515-B4C5917385B1}
		{3C43D228-3F12-47E4-87EE-F6900990473F} = {2B014949-A5D4-4B32-8D43-FA1656B3E275}
		{361326DA-298E-4985-A0FA-DD813FEECE49} = {3C43D228-3F12-47E4-87EE-F6900990473F}
		{54DA781B-3A9B-4D76-B100-DE8AEEC079FB} = {6E5A98EE-2AB5-4F41-AF8E-4557D7C01C36}
		{7E8252E9-E84D-4864-8A3E-178983FA38A9} = {54DA781B-3A9B-4D76-B100-DE8AEEC079FB}
		{C5EDD70D-9AE3-4B2E-94FA-8A8898D34220} = {7E8252E9-E84D-4864-8A3E-178983FA38A9}
		{C29B1E0D-EE2F-4480-A413-E2225DED3CA0} = {7E8252E9-E84D-4864-8A3E-178983FA38A9}
		{CE94A6C8-E866-41D4-BE82-99DD51F687FA} = {7E8252E9-E84D-4864-8A3E-178983FA38A9}
		{CEC6AECD-B382-49DD-9132-EF7E6D4B2FD7} = {CE94A6C8-E866-41D4-BE82-99DD51F687FA}
		{FE300F0B-57B9-4E61-9DE7-A8C9EC97394B} = {C29B1E0D-EE2F-4480-A413-E2225DED3CA0}
		{02503D35-046F-414D-91C5-248728771080} = {FE300F0B-57B9-4E61-9DE7-A8C9EC97394B}
		{CA5816D4-6F0B-4075-A1F7-81F70A49FB5B} = {FE300F0B-57B9-4E61-9DE7-A8C9EC97394B}
		{F525F584-2063-4389-9187-D1E0DB9CD190} = {FE300F0B-57B9-4E61-9DE7-A8C9EC97394B}
	EndGlobalSection
	GlobalSection(ExtensibilityGlobals) = postSolution
		SolutionGuid = {810782C9-D80A-40DD-9548-A453AF900F34}
	EndGlobalSection
EndGlobal
